// !$*UTF8*$!
{
	archiveVersion = 1;
	classes = {
	};
	objectVersion = 48;
	objects = {

/* Begin PBXBuildFile section */
		908293F520531C0D00F88CB2 /* AppDelegate.swift in Sources */ = {isa = PBXBuildFile; fileRef = 908293F420531C0D00F88CB2 /* AppDelegate.swift */; };
		908293F720531C0D00F88CB2 /* ViewController.swift in Sources */ = {isa = PBXBuildFile; fileRef = 908293F620531C0D00F88CB2 /* ViewController.swift */; };
		908293FA20531C0D00F88CB2 /* Main.storyboard in Resources */ = {isa = PBXBuildFile; fileRef = 908293F820531C0D00F88CB2 /* Main.storyboard */; };
		908293FC20531C0E00F88CB2 /* Assets.xcassets in Resources */ = {isa = PBXBuildFile; fileRef = 908293FB20531C0E00F88CB2 /* Assets.xcassets */; };
		908293FF20531C0E00F88CB2 /* LaunchScreen.storyboard in Resources */ = {isa = PBXBuildFile; fileRef = 908293FD20531C0E00F88CB2 /* LaunchScreen.storyboard */; };
		908294092053257E00F88CB2 /* BinaryDecimal.swift in Sources */ = {isa = PBXBuildFile; fileRef = 908294082053257E00F88CB2 /* BinaryDecimal.swift */; };
		908A36842059EC12008C3B29 /* Constants.swift in Sources */ = {isa = PBXBuildFile; fileRef = 908A36832059EC12008C3B29 /* Constants.swift */; };
		908A36872059EE06008C3B29 /* BaseConverter.swift in Sources */ = {isa = PBXBuildFile; fileRef = 908A36862059EE06008C3B29 /* BaseConverter.swift */; };
		90FFE3F1205B55D30002817C /* CurrencyTextField.swift in Sources */ = {isa = PBXBuildFile; fileRef = 90FFE3F0205B55D30002817C /* CurrencyTextField.swift */; };
/* End PBXBuildFile section */

/* Begin PBXFileReference section */
		908293F120531C0D00F88CB2 /* Base Converter.app */ = {isa = PBXFileReference; explicitFileType = wrapper.application; includeInIndex = 0; path = "Base Converter.app"; sourceTree = BUILT_PRODUCTS_DIR; };
		908293F420531C0D00F88CB2 /* AppDelegate.swift */ = {isa = PBXFileReference; lastKnownFileType = sourcecode.swift; path = AppDelegate.swift; sourceTree = "<group>"; };
		908293F620531C0D00F88CB2 /* ViewController.swift */ = {isa = PBXFileReference; lastKnownFileType = sourcecode.swift; path = ViewController.swift; sourceTree = "<group>"; };
		908293F920531C0D00F88CB2 /* Base */ = {isa = PBXFileReference; lastKnownFileType = file.storyboard; name = Base; path = Base.lproj/Main.storyboard; sourceTree = "<group>"; };
		908293FB20531C0E00F88CB2 /* Assets.xcassets */ = {isa = PBXFileReference; lastKnownFileType = folder.assetcatalog; path = Assets.xcassets; sourceTree = "<group>"; };
		908293FE20531C0E00F88CB2 /* Base */ = {isa = PBXFileReference; lastKnownFileType = file.storyboard; name = Base; path = Base.lproj/LaunchScreen.storyboard; sourceTree = "<group>"; };
		9082940020531C0E00F88CB2 /* Info.plist */ = {isa = PBXFileReference; lastKnownFileType = text.plist.xml; path = Info.plist; sourceTree = "<group>"; };
		908294082053257E00F88CB2 /* BinaryDecimal.swift */ = {isa = PBXFileReference; lastKnownFileType = sourcecode.swift; path = BinaryDecimal.swift; sourceTree = "<group>"; };
		908A36832059EC12008C3B29 /* Constants.swift */ = {isa = PBXFileReference; lastKnownFileType = sourcecode.swift; path = Constants.swift; sourceTree = "<group>"; };
		908A36862059EE06008C3B29 /* BaseConverter.swift */ = {isa = PBXFileReference; lastKnownFileType = sourcecode.swift; path = BaseConverter.swift; sourceTree = "<group>"; };
		90FFE3F0205B55D30002817C /* CurrencyTextField.swift */ = {isa = PBXFileReference; fileEncoding = 4; lastKnownFileType = sourcecode.swift; path = CurrencyTextField.swift; sourceTree = "<group>"; };
/* End PBXFileReference section */

/* Begin PBXFrameworksBuildPhase section */
		908293EE20531C0D00F88CB2 /* Frameworks */ = {
			isa = PBXFrameworksBuildPhase;
			buildActionMask = 2147483647;
			files = (
			);
			runOnlyForDeploymentPostprocessing = 0;
		};
/* End PBXFrameworksBuildPhase section */

/* Begin PBXGroup section */
		908293E820531C0D00F88CB2 = {
			isa = PBXGroup;
			children = (
				908293F320531C0D00F88CB2 /* Base Converter */,
				908293F220531C0D00F88CB2 /* Products */,
			);
			sourceTree = "<group>";
		};
		908293F220531C0D00F88CB2 /* Products */ = {
			isa = PBXGroup;
			children = (
				908293F120531C0D00F88CB2 /* Base Converter.app */,
			);
			name = Products;
			sourceTree = "<group>";
		};
		908293F320531C0D00F88CB2 /* Base Converter */ = {
			isa = PBXGroup;
			children = (
				90FFE3EF205B55CA0002817C /* View */,
				908A36852059EC1C008C3B29 /* Helpers */,
				908294072053256A00F88CB2 /* Controller */,
				908294062053256400F88CB2 /* Model */,
				908293F420531C0D00F88CB2 /* AppDelegate.swift */,
				908293F820531C0D00F88CB2 /* Main.storyboard */,
				908293FB20531C0E00F88CB2 /* Assets.xcassets */,
				908293FD20531C0E00F88CB2 /* LaunchScreen.storyboard */,
				9082940020531C0E00F88CB2 /* Info.plist */,
			);
			path = "Base Converter";
			sourceTree = "<group>";
		};
		908294062053256400F88CB2 /* Model */ = {
			isa = PBXGroup;
			children = (
				908294082053257E00F88CB2 /* BinaryDecimal.swift */,
				908A36862059EE06008C3B29 /* BaseConverter.swift */,
			);
			path = Model;
			sourceTree = "<group>";
		};
		908294072053256A00F88CB2 /* Controller */ = {
			isa = PBXGroup;
			children = (
				908293F620531C0D00F88CB2 /* ViewController.swift */,
			);
			path = Controller;
			sourceTree = "<group>";
		};
		908A36852059EC1C008C3B29 /* Helpers */ = {
			isa = PBXGroup;
			children = (
				908A36832059EC12008C3B29 /* Constants.swift */,
			);
			path = Helpers;
			sourceTree = "<group>";
		};
		90FFE3EF205B55CA0002817C /* View */ = {
			isa = PBXGroup;
			children = (
				90FFE3F0205B55D30002817C /* CurrencyTextField.swift */,
			);
			path = View;
			sourceTree = "<group>";
		};
/* End PBXGroup section */

/* Begin PBXNativeTarget section */
		908293F020531C0D00F88CB2 /* Base Converter */ = {
			isa = PBXNativeTarget;
			buildConfigurationList = 9082940320531C0E00F88CB2 /* Build configuration list for PBXNativeTarget "Base Converter" */;
			buildPhases = (
				908293ED20531C0D00F88CB2 /* Sources */,
				908293EE20531C0D00F88CB2 /* Frameworks */,
				908293EF20531C0D00F88CB2 /* Resources */,
			);
			buildRules = (
			);
			dependencies = (
			);
			name = "Base Converter";
			productName = "Base Converter";
			productReference = 908293F120531C0D00F88CB2 /* Base Converter.app */;
			productType = "com.apple.product-type.application";
		};
/* End PBXNativeTarget section */

/* Begin PBXProject section */
		908293E920531C0D00F88CB2 /* Project object */ = {
			isa = PBXProject;
			attributes = {
				LastSwiftUpdateCheck = 0920;
				LastUpgradeCheck = 0920;
				ORGANIZATIONNAME = Specialist;
				TargetAttributes = {
					908293F020531C0D00F88CB2 = {
						CreatedOnToolsVersion = 9.2;
						ProvisioningStyle = Automatic;
					};
				};
			};
			buildConfigurationList = 908293EC20531C0D00F88CB2 /* Build configuration list for PBXProject "Base Converter" */;
			compatibilityVersion = "Xcode 8.0";
			developmentRegion = en;
			hasScannedForEncodings = 0;
			knownRegions = (
				en,
				Base,
			);
			mainGroup = 908293E820531C0D00F88CB2;
			productRefGroup = 908293F220531C0D00F88CB2 /* Products */;
			projectDirPath = "";
			projectRoot = "";
			targets = (
				908293F020531C0D00F88CB2 /* Base Converter */,
			);
		};
/* End PBXProject section */

/* Begin PBXResourcesBuildPhase section */
		908293EF20531C0D00F88CB2 /* Resources */ = {
			isa = PBXResourcesBuildPhase;
			buildActionMask = 2147483647;
			files = (
				908293FF20531C0E00F88CB2 /* LaunchScreen.storyboard in Resources */,
				908293FC20531C0E00F88CB2 /* Assets.xcassets in Resources */,
				908293FA20531C0D00F88CB2 /* Main.storyboard in Resources */,
			);
			runOnlyForDeploymentPostprocessing = 0;
		};
/* End PBXResourcesBuildPhase section */

/* Begin PBXSourcesBuildPhase section */
		908293ED20531C0D00F88CB2 /* Sources */ = {
			isa = PBXSourcesBuildPhase;
			buildActionMask = 2147483647;
			files = (
				90FFE3F1205B55D30002817C /* CurrencyTextField.swift in Sources */,
				908294092053257E00F88CB2 /* BinaryDecimal.swift in Sources */,
				908293F720531C0D00F88CB2 /* ViewController.swift in Sources */,
				908293F520531C0D00F88CB2 /* AppDelegate.swift in Sources */,
				908A36842059EC12008C3B29 /* Constants.swift in Sources */,
				908A36872059EE06008C3B29 /* BaseConverter.swift in Sources */,
			);
			runOnlyForDeploymentPostprocessing = 0;
		};
/* End PBXSourcesBuildPhase section */

/* Begin PBXVariantGroup section */
		908293F820531C0D00F88CB2 /* Main.storyboard */ = {
			isa = PBXVariantGroup;
			children = (
				908293F920531C0D00F88CB2 /* Base */,
			);
			name = Main.storyboard;
			sourceTree = "<group>";
		};
		908293FD20531C0E00F88CB2 /* LaunchScreen.storyboard */ = {
			isa = PBXVariantGroup;
			children = (
				908293FE20531C0E00F88CB2 /* Base */,
			);
			name = LaunchScreen.storyboard;
			sourceTree = "<group>";
		};
/* End PBXVariantGroup section */

/* Begin XCBuildConfiguration section */
		9082940120531C0E00F88CB2 /* Debug */ = {
			isa = XCBuildConfiguration;
			buildSettings = {
				ALWAYS_SEARCH_USER_PATHS = NO;
				CLANG_ANALYZER_NONNULL = YES;
				CLANG_ANALYZER_NUMBER_OBJECT_CONVERSION = YES_AGGRESSIVE;
				CLANG_CXX_LANGUAGE_STANDARD = "gnu++14";
				CLANG_CXX_LIBRARY = "libc++";
				CLANG_ENABLE_MODULES = YES;
				CLANG_ENABLE_OBJC_ARC = YES;
				CLANG_WARN_BLOCK_CAPTURE_AUTORELEASING = YES;
				CLANG_WARN_BOOL_CONVERSION = YES;
				CLANG_WARN_COMMA = YES;
				CLANG_WARN_CONSTANT_CONVERSION = YES;
				CLANG_WARN_DIRECT_OBJC_ISA_USAGE = YES_ERROR;
				CLANG_WARN_DOCUMENTATION_COMMENTS = YES;
				CLANG_WARN_EMPTY_BODY = YES;
				CLANG_WARN_ENUM_CONVERSION = YES;
				CLANG_WARN_INFINITE_RECURSION = YES;
				CLANG_WARN_INT_CONVERSION = YES;
				CLANG_WARN_NON_LITERAL_NULL_CONVERSION = YES;
				CLANG_WARN_OBJC_LITERAL_CONVERSION = YES;
				CLANG_WARN_OBJC_ROOT_CLASS = YES_ERROR;
				CLANG_WARN_RANGE_LOOP_ANALYSIS = YES;
				CLANG_WARN_STRICT_PROTOTYPES = YES;
				CLANG_WARN_SUSPICIOUS_MOVE = YES;
				CLANG_WARN_UNGUARDED_AVAILABILITY = YES_AGGRESSIVE;
				CLANG_WARN_UNREACHABLE_CODE = YES;
				CLANG_WARN__DUPLICATE_METHOD_MATCH = YES;
				CODE_SIGN_IDENTITY = "iPhone Developer";
				COPY_PHASE_STRIP = NO;
				DEBUG_INFORMATION_FORMAT = dwarf;
				ENABLE_STRICT_OBJC_MSGSEND = YES;
				ENABLE_TESTABILITY = YES;
				GCC_C_LANGUAGE_STANDARD = gnu11;
				GCC_DYNAMIC_NO_PIC = NO;
				GCC_NO_COMMON_BLOCKS = YES;
				GCC_OPTIMIZATION_LEVEL = 0;
				GCC_PREPROCESSOR_DEFINITIONS = (
					"DEBUG=1",
					"$(inherited)",
				);
				GCC_WARN_64_TO_32_BIT_CONVERSION = YES;
				GCC_WARN_ABOUT_RETURN_TYPE = YES_ERROR;
				GCC_WARN_UNDECLARED_SELECTOR = YES;
				GCC_WARN_UNINITIALIZED_AUTOS = YES_AGGRESSIVE;
				GCC_WARN_UNUSED_FUNCTION = YES;
				GCC_WARN_UNUSED_VARIABLE = YES;
				IPHONEOS_DEPLOYMENT_TARGET = 11.2;
				MTL_ENABLE_DEBUG_INFO = YES;
				ONLY_ACTIVE_ARCH = YES;
				SDKROOT = iphoneos;
				SWIFT_ACTIVE_COMPILATION_CONDITIONS = DEBUG;
				SWIFT_OPTIMIZATION_LEVEL = "-Onone";
			};
			name = Debug;
		};
		9082940220531C0E00F88CB2 /* Release */ = {
			isa = XCBuildConfiguration;
			buildSettings = {
				ALWAYS_SEARCH_USER_PATHS = NO;
				CLANG_ANALYZER_NONNULL = YES;
				CLANG_ANALYZER_NUMBER_OBJECT_CONVERSION = YES_AGGRESSIVE;
				CLANG_CXX_LANGUAGE_STANDARD = "gnu++14";
				CLANG_CXX_LIBRARY = "libc++";
				CLANG_ENABLE_MODULES = YES;
				CLANG_ENABLE_OBJC_ARC = YES;
				CLANG_WARN_BLOCK_CAPTURE_AUTORELEASING = YES;
				CLANG_WARN_BOOL_CONVERSION = YES;
				CLANG_WARN_COMMA = YES;
				CLANG_WARN_CONSTANT_CONVERSION = YES;
				CLANG_WARN_DIRECT_OBJC_ISA_USAGE = YES_ERROR;
				CLANG_WARN_DOCUMENTATION_COMMENTS = YES;
				CLANG_WARN_EMPTY_BODY = YES;
				CLANG_WARN_ENUM_CONVERSION = YES;
				CLANG_WARN_INFINITE_RECURSION = YES;
				CLANG_WARN_INT_CONVERSION = YES;
				CLANG_WARN_NON_LITERAL_NULL_CONVERSION = YES;
				CLANG_WARN_OBJC_LITERAL_CONVERSION = YES;
				CLANG_WARN_OBJC_ROOT_CLASS = YES_ERROR;
				CLANG_WARN_RANGE_LOOP_ANALYSIS = YES;
				CLANG_WARN_STRICT_PROTOTYPES = YES;
				CLANG_WARN_SUSPICIOUS_MOVE = YES;
				CLANG_WARN_UNGUARDED_AVAILABILITY = YES_AGGRESSIVE;
				CLANG_WARN_UNREACHABLE_CODE = YES;
				CLANG_WARN__DUPLICATE_METHOD_MATCH = YES;
				CODE_SIGN_IDENTITY = "iPhone Developer";
				COPY_PHASE_STRIP = NO;
				DEBUG_INFORMATION_FORMAT = "dwarf-with-dsym";
				ENABLE_NS_ASSERTIONS = NO;
				ENABLE_STRICT_OBJC_MSGSEND = YES;
				GCC_C_LANGUAGE_STANDARD = gnu11;
				GCC_NO_COMMON_BLOCKS = YES;
				GCC_WARN_64_TO_32_BIT_CONVERSION = YES;
				GCC_WARN_ABOUT_RETURN_TYPE = YES_ERROR;
				GCC_WARN_UNDECLARED_SELECTOR = YES;
				GCC_WARN_UNINITIALIZED_AUTOS = YES_AGGRESSIVE;
				GCC_WARN_UNUSED_FUNCTION = YES;
				GCC_WARN_UNUSED_VARIABLE = YES;
				IPHONEOS_DEPLOYMENT_TARGET = 11.2;
				MTL_ENABLE_DEBUG_INFO = NO;
				SDKROOT = iphoneos;
				SWIFT_OPTIMIZATION_LEVEL = "-Owholemodule";
				VALIDATE_PRODUCT = YES;
			};
			name = Release;
		};
		9082940420531C0E00F88CB2 /* Debug */ = {
			isa = XCBuildConfiguration;
			buildSettings = {
				ASSETCATALOG_COMPILER_APPICON_NAME = AppIcon;
				CODE_SIGN_STYLE = Automatic;
				DEVELOPMENT_TEAM = EP435FJL2Z;
				INFOPLIST_FILE = "Base Converter/Info.plist";
				IPHONEOS_DEPLOYMENT_TARGET = 10.0;
				LD_RUNPATH_SEARCH_PATHS = "$(inherited) @executable_path/Frameworks";
				PRODUCT_BUNDLE_IDENTIFIER = "com.Specialist.Dev.Base-Converter";
				PRODUCT_NAME = "$(TARGET_NAME)";
				SWIFT_VERSION = 4.0;
				TARGETED_DEVICE_FAMILY = "1,2";
			};
			name = Debug;
		};
		9082940520531C0E00F88CB2 /* Release */ = {
			isa = XCBuildConfiguration;
			buildSettings = {
				ASSETCATALOG_COMPILER_APPICON_NAME = AppIcon;
				CODE_SIGN_STYLE = Automatic;
				DEVELOPMENT_TEAM = EP435FJL2Z;
				INFOPLIST_FILE = "Base Converter/Info.plist";
				IPHONEOS_DEPLOYMENT_TARGET = 10.0;
				LD_RUNPATH_SEARCH_PATHS = "$(inherited) @executable_path/Frameworks";
				PRODUCT_BUNDLE_IDENTIFIER = "com.Specialist.Dev.Base-Converter";
				PRODUCT_NAME = "$(TARGET_NAME)";
				SWIFT_VERSION = 4.0;
				TARGETED_DEVICE_FAMILY = "1,2";
			};
			name = Release;
		};
/* End XCBuildConfiguration section */

/* Begin XCConfigurationList section */
		908293EC20531C0D00F88CB2 /* Build configuration list for PBXProject "Base Converter" */ = {
			isa = XCConfigurationList;
			buildConfigurations = (
				9082940120531C0E00F88CB2 /* Debug */,
				9082940220531C0E00F88CB2 /* Release */,
			);
			defaultConfigurationIsVisible = 0;
			defaultConfigurationName = Release;
		};
		9082940320531C0E00F88CB2 /* Build configuration list for PBXNativeTarget "Base Converter" */ = {
			isa = XCConfigurationList;
			buildConfigurations = (
				9082940420531C0E00F88CB2 /* Debug */,
				9082940520531C0E00F88CB2 /* Release */,
			);
			defaultConfigurationIsVisible = 0;
			defaultConfigurationName = Release;
		};
/* End XCConfigurationList section */
	};
	rootObject = 908293E920531C0D00F88CB2 /* Project object */;
}
